
Microsoft Visual Studio Solution File, Format Version 12.00
# Visual Studio Version 17
VisualStudioVersion = 17.2.32602.215
MinimumVisualStudioVersion = 10.0.40219.1
Project("{8BC9CEB8-8B4A-11D0-8D11-00A0C91BC942}") = "RaeuberBeute_", "RaeuberBeute_\RaeuberBeute_.vcxproj", "{88B01273-444E-4321-9D4E-4F471062F764}"
EndProject
Global
	GlobalSection(SolutionConfigurationPlatforms) = preSolution
		Debug|x64 = Debug|x64
		Debug|x86 = Debug|x86
		Release|x64 = Release|x64
		Release|x86 = Release|x86
	EndGlobalSection
	GlobalSection(ProjectConfigurationPlatforms) = postSolution
		{88B01273-444E-4321-9D4E-4F471062F764}.Debug|x64.ActiveCfg = Debug|x64
		{88B01273-444E-4321-9D4E-4F471062F764}.Debug|x64.Build.0 = Debug|x64
		{88B01273-444E-4321-9D4E-4F471062F764}.Debug|x86.ActiveCfg = Debug|Win32
		{88B01273-444E-4321-9D4E-4F471062F764}.Debug|x86.Build.0 = Debug|Win32
		{88B01273-444E-4321-9D4E-4F471062F764}.Release|x64.ActiveCfg = Release|x64
		{88B01273-444E-4321-9D4E-4F471062F764}.Release|x64.Build.0 = Release|x64
		{88B01273-444E-4321-9D4E-4F471062F764}.Release|x86.ActiveCfg = Release|Win32
		{88B01273-444E-4321-9D4E-4F471062F764}.Release|x86.Build.0 = Release|Win32
	EndGlobalSection
	GlobalSection(SolutionProperties) = preSolution
		HideSolutionNode = FALSE
	EndGlobalSection
	GlobalSection(ExtensibilityGlobals) = postSolution
		SolutionGuid = {F57C4834-BBEF-495D-B30C-6DFEF0434D6E}
	EndGlobalSection
EndGlobal
